
Microsoft Visual Studio Solution File, Format Version 12.00
# Visual Studio Version 17
VisualStudioVersion = 17.2.32602.215
MinimumVisualStudioVersion = 10.0.40219.1
Project("{FAE04EC0-301F-11D3-BF4B-00C04F79EFBC}") = "ReadServerEventLogSQL", "ReadServerEventLogSQL\ReadServerEventLogSQL.csproj", "{9A4D7B0B-CC7C-430C-8042-32088F4AAE86}"
EndProject
Global
	GlobalSection(SolutionConfigurationPlatforms) = preSolution
		Debug|Any CPU = Debug|Any CPU
		Release|Any CPU = Release|Any CPU
	EndGlobalSection
	GlobalSection(ProjectConfigurationPlatforms) = postSolution
		{9A4D7B0B-CC7C-430C-8042-32088F4AAE86}.Debug|Any CPU.ActiveCfg = Debug|Any CPU
		{9A4D7B0B-CC7C-430C-8042-32088F4AAE86}.Debug|Any CPU.Build.0 = Debug|Any CPU
		{9A4D7B0B-CC7C-430C-8042-32088F4AAE86}.Release|Any CPU.ActiveCfg = Release|Any CPU
		{9A4D7B0B-CC7C-430C-8042-32088F4AAE86}.Release|Any CPU.Build.0 = Release|Any CPU
	EndGlobalSection
	GlobalSection(SolutionProperties) = preSolution
		HideSolutionNode = FALSE
	EndGlobalSection
	GlobalSection(ExtensibilityGlobals) = postSolution
		SolutionGuid = {559655C6-07D0-4D5C-A781-BB81EE7156A2}
	EndGlobalSection
EndGlobal
